
Microsoft Visual Studio Solution File, Format Version 12.00
# Visual Studio Version 17
VisualStudioVersion = 17.11.35312.102
MinimumVisualStudioVersion = 10.0.40219.1
Project("{2150E333-8FDC-42A3-9474-1A3956D46DE8}") = "Services", "Services", "{FC5A5FF8-C592-4BC7-A984-19A7E6253FA7}"
EndProject
Project("{2150E333-8FDC-42A3-9474-1A3956D46DE8}") = "Catalog", "Catalog", "{1318C803-55C3-4E52-8D12-D0C48D0C53C4}"
EndProject
Project("{9A19103F-16F7-4668-BE54-9A1E7A4F7556}") = "MultiShop.Catalog", "Services\Catalog\MultiShop.Catalog\MultiShop.Catalog.csproj", "{C43E2758-926F-4DA0-B6EC-0E8883A4CC15}"
EndProject
Project("{2150E333-8FDC-42A3-9474-1A3956D46DE8}") = "Discount", "Discount", "{5A2D11A2-D4B1-4373-97EB-DA55400990D7}"
EndProject
Project("{FAE04EC0-301F-11D3-BF4B-00C04F79EFBC}") = "MultiShop.Discount", "Services\Discount\MultiShop.Discount\MultiShop.Discount.csproj", "{BB744AD3-A520-45B7-A0AE-994694FAF1D2}"
EndProject
Project("{2150E333-8FDC-42A3-9474-1A3956D46DE8}") = "Order", "Order", "{02E57EF3-62F4-4902-B795-0BCEBA30D646}"
EndProject
Project("{2150E333-8FDC-42A3-9474-1A3956D46DE8}") = "Core", "Core", "{8A9703AE-DBA1-4071-A4E9-A83E47F1EE18}"
EndProject
Project("{2150E333-8FDC-42A3-9474-1A3956D46DE8}") = "Infrastructure", "Infrastructure", "{FF8C9B23-4491-4D5B-A40B-21854888B7BF}"
EndProject
Project("{2150E333-8FDC-42A3-9474-1A3956D46DE8}") = "Presentation", "Presentation", "{6E004E34-3E0B-49B0-8871-7999E678AFBA}"
EndProject
Project("{FAE04EC0-301F-11D3-BF4B-00C04F79EFBC}") = "MultiShop.Order.Domain", "Services\Order\Core\MultiShop.Order.Domain\MultiShop.Order.Domain.csproj", "{CAC5F251-48BF-4F56-9686-4B18064C5864}"
EndProject
Project("{FAE04EC0-301F-11D3-BF4B-00C04F79EFBC}") = "MultiShop.Order.Application", "Services\Order\Core\MultiShop.Order.Application\MultiShop.Order.Application.csproj", "{CBE3D757-C8DC-4C85-81E6-3FDBD44CB6ED}"
EndProject
Project("{FAE04EC0-301F-11D3-BF4B-00C04F79EFBC}") = "MultiShop.Order.Persistence", "Services\Order\Infrastructure\MultiShop.Order.Persistence\MultiShop.Order.Persistence.csproj", "{62A0A534-B84B-4EF6-AC07-E469C8FFEE56}"
EndProject
Project("{FAE04EC0-301F-11D3-BF4B-00C04F79EFBC}") = "MultiShop.Order.WebApi", "Services\Order\Presentation\MultiShop.Order.WebApi\MultiShop.Order.WebApi.csproj", "{4BCE3D9E-F9F4-4D4D-A88A-645B7D9DBAD5}"
EndProject
Global
	GlobalSection(SolutionConfigurationPlatforms) = preSolution
		Debug|Any CPU = Debug|Any CPU
		Release|Any CPU = Release|Any CPU
	EndGlobalSection
	GlobalSection(ProjectConfigurationPlatforms) = postSolution
		{C43E2758-926F-4DA0-B6EC-0E8883A4CC15}.Debug|Any CPU.ActiveCfg = Debug|Any CPU
		{C43E2758-926F-4DA0-B6EC-0E8883A4CC15}.Debug|Any CPU.Build.0 = Debug|Any CPU
		{C43E2758-926F-4DA0-B6EC-0E8883A4CC15}.Release|Any CPU.ActiveCfg = Release|Any CPU
		{C43E2758-926F-4DA0-B6EC-0E8883A4CC15}.Release|Any CPU.Build.0 = Release|Any CPU
		{BB744AD3-A520-45B7-A0AE-994694FAF1D2}.Debug|Any CPU.ActiveCfg = Debug|Any CPU
		{BB744AD3-A520-45B7-A0AE-994694FAF1D2}.Debug|Any CPU.Build.0 = Debug|Any CPU
		{BB744AD3-A520-45B7-A0AE-994694FAF1D2}.Release|Any CPU.ActiveCfg = Release|Any CPU
		{BB744AD3-A520-45B7-A0AE-994694FAF1D2}.Release|Any CPU.Build.0 = Release|Any CPU
		{CAC5F251-48BF-4F56-9686-4B18064C5864}.Debug|Any CPU.ActiveCfg = Debug|Any CPU
		{CAC5F251-48BF-4F56-9686-4B18064C5864}.Debug|Any CPU.Build.0 = Debug|Any CPU
		{CAC5F251-48BF-4F56-9686-4B18064C5864}.Release|Any CPU.ActiveCfg = Release|Any CPU
		{CAC5F251-48BF-4F56-9686-4B18064C5864}.Release|Any CPU.Build.0 = Release|Any CPU
		{CBE3D757-C8DC-4C85-81E6-3FDBD44CB6ED}.Debug|Any CPU.ActiveCfg = Debug|Any CPU
		{CBE3D757-C8DC-4C85-81E6-3FDBD44CB6ED}.Debug|Any CPU.Build.0 = Debug|Any CPU
		{CBE3D757-C8DC-4C85-81E6-3FDBD44CB6ED}.Release|Any CPU.ActiveCfg = Release|Any CPU
		{CBE3D757-C8DC-4C85-81E6-3FDBD44CB6ED}.Release|Any CPU.Build.0 = Release|Any CPU
		{62A0A534-B84B-4EF6-AC07-E469C8FFEE56}.Debug|Any CPU.ActiveCfg = Debug|Any CPU
		{62A0A534-B84B-4EF6-AC07-E469C8FFEE56}.Debug|Any CPU.Build.0 = Debug|Any CPU
		{62A0A534-B84B-4EF6-AC07-E469C8FFEE56}.Release|Any CPU.ActiveCfg = Release|Any CPU
		{62A0A534-B84B-4EF6-AC07-E469C8FFEE56}.Release|Any CPU.Build.0 = Release|Any CPU
		{4BCE3D9E-F9F4-4D4D-A88A-645B7D9DBAD5}.Debug|Any CPU.ActiveCfg = Debug|Any CPU
		{4BCE3D9E-F9F4-4D4D-A88A-645B7D9DBAD5}.Debug|Any CPU.Build.0 = Debug|Any CPU
		{4BCE3D9E-F9F4-4D4D-A88A-645B7D9DBAD5}.Release|Any CPU.ActiveCfg = Release|Any CPU
		{4BCE3D9E-F9F4-4D4D-A88A-645B7D9DBAD5}.Release|Any CPU.Build.0 = Release|Any CPU
	EndGlobalSection
	GlobalSection(SolutionProperties) = preSolution
		HideSolutionNode = FALSE
	EndGlobalSection
	GlobalSection(NestedProjects) = preSolution
		{1318C803-55C3-4E52-8D12-D0C48D0C53C4} = {FC5A5FF8-C592-4BC7-A984-19A7E6253FA7}
		{C43E2758-926F-4DA0-B6EC-0E8883A4CC15} = {1318C803-55C3-4E52-8D12-D0C48D0C53C4}
		{5A2D11A2-D4B1-4373-97EB-DA55400990D7} = {FC5A5FF8-C592-4BC7-A984-19A7E6253FA7}
		{BB744AD3-A520-45B7-A0AE-994694FAF1D2} = {5A2D11A2-D4B1-4373-97EB-DA55400990D7}
		{02E57EF3-62F4-4902-B795-0BCEBA30D646} = {FC5A5FF8-C592-4BC7-A984-19A7E6253FA7}
		{8A9703AE-DBA1-4071-A4E9-A83E47F1EE18} = {02E57EF3-62F4-4902-B795-0BCEBA30D646}
		{FF8C9B23-4491-4D5B-A40B-21854888B7BF} = {02E57EF3-62F4-4902-B795-0BCEBA30D646}
		{6E004E34-3E0B-49B0-8871-7999E678AFBA} = {02E57EF3-62F4-4902-B795-0BCEBA30D646}
		{CAC5F251-48BF-4F56-9686-4B18064C5864} = {8A9703AE-DBA1-4071-A4E9-A83E47F1EE18}
		{CBE3D757-C8DC-4C85-81E6-3FDBD44CB6ED} = {8A9703AE-DBA1-4071-A4E9-A83E47F1EE18}
		{62A0A534-B84B-4EF6-AC07-E469C8FFEE56} = {FF8C9B23-4491-4D5B-A40B-21854888B7BF}
		{4BCE3D9E-F9F4-4D4D-A88A-645B7D9DBAD5} = {6E004E34-3E0B-49B0-8871-7999E678AFBA}
	EndGlobalSection
	GlobalSection(ExtensibilityGlobals) = postSolution
		SolutionGuid = {CF99BBB0-4994-45B2-A0A3-04B5B706B11F}
	EndGlobalSection
EndGlobal
