
Microsoft Visual Studio Solution File, Format Version 12.00
# Visual Studio Version 17
VisualStudioVersion = 17.11.35312.102
MinimumVisualStudioVersion = 10.0.40219.1
Project("{2150E333-8FDC-42A3-9474-1A3956D46DE8}") = "Services", "Services", "{FC5A5FF8-C592-4BC7-A984-19A7E6253FA7}"
EndProject
Project("{2150E333-8FDC-42A3-9474-1A3956D46DE8}") = "Catalog", "Catalog", "{1318C803-55C3-4E52-8D12-D0C48D0C53C4}"
EndProject
Project("{9A19103F-16F7-4668-BE54-9A1E7A4F7556}") = "MultiShop.Catalog", "Services\Catalog\MultiShop.Catalog\MultiShop.Catalog.csproj", "{C43E2758-926F-4DA0-B6EC-0E8883A4CC15}"
EndProject
Project("{2150E333-8FDC-42A3-9474-1A3956D46DE8}") = "Discount", "Discount", "{5A2D11A2-D4B1-4373-97EB-DA55400990D7}"
EndProject
Project("{9A19103F-16F7-4668-BE54-9A1E7A4F7556}") = "MultiShop.Discount", "Services\Discount\MultiShop.Discount\MultiShop.Discount.csproj", "{BB744AD3-A520-45B7-A0AE-994694FAF1D2}"
EndProject
Project("{2150E333-8FDC-42A3-9474-1A3956D46DE8}") = "Order", "Order", "{02E57EF3-62F4-4902-B795-0BCEBA30D646}"
EndProject
Project("{2150E333-8FDC-42A3-9474-1A3956D46DE8}") = "Core", "Core", "{8A9703AE-DBA1-4071-A4E9-A83E47F1EE18}"
EndProject
Project("{2150E333-8FDC-42A3-9474-1A3956D46DE8}") = "Infrastructure", "Infrastructure", "{FF8C9B23-4491-4D5B-A40B-21854888B7BF}"
EndProject
Project("{2150E333-8FDC-42A3-9474-1A3956D46DE8}") = "Presentation", "Presentation", "{6E004E34-3E0B-49B0-8871-7999E678AFBA}"
EndProject
Project("{9A19103F-16F7-4668-BE54-9A1E7A4F7556}") = "MultiShop.Order.Domain", "Services\Order\Core\MultiShop.Order.Domain\MultiShop.Order.Domain.csproj", "{CAC5F251-48BF-4F56-9686-4B18064C5864}"
EndProject
Project("{9A19103F-16F7-4668-BE54-9A1E7A4F7556}") = "MultiShop.Order.Application", "Services\Order\Core\MultiShop.Order.Application\MultiShop.Order.Application.csproj", "{CBE3D757-C8DC-4C85-81E6-3FDBD44CB6ED}"
EndProject
Project("{9A19103F-16F7-4668-BE54-9A1E7A4F7556}") = "MultiShop.Order.Persistence", "Services\Order\Infrastructure\MultiShop.Order.Persistence\MultiShop.Order.Persistence.csproj", "{62A0A534-B84B-4EF6-AC07-E469C8FFEE56}"
EndProject
Project("{9A19103F-16F7-4668-BE54-9A1E7A4F7556}") = "MultiShop.Order.WebApi", "Services\Order\Presentation\MultiShop.Order.WebApi\MultiShop.Order.WebApi.csproj", "{4BCE3D9E-F9F4-4D4D-A88A-645B7D9DBAD5}"
EndProject
Project("{2150E333-8FDC-42A3-9474-1A3956D46DE8}") = "IdentityServer", "IdentityServer", "{CDA2CAEF-2EEE-467A-B464-C26DA1E232DB}"
EndProject
Project("{9A19103F-16F7-4668-BE54-9A1E7A4F7556}") = "MultiShop.IdentityServer", "IdentityServer\MultiShop.IdentityServer\MultiShop.IdentityServer.csproj", "{128449B3-B3B8-438B-B274-4A571B1AA17D}"
EndProject
Project("{2150E333-8FDC-42A3-9474-1A3956D46DE8}") = "Requirement", "Requirement", "{97968ADD-BB28-4BE7-88BB-E391C4C32906}"
	ProjectSection(SolutionItems) = preProject
		IdentityServerVersionErrorSolution.txt = IdentityServerVersionErrorSolution.txt
		LoginIndex.txt = LoginIndex.txt
		PortainerCmd.txt = PortainerCmd.txt
		PortNumbers.txt = PortNumbers.txt
	EndProjectSection
EndProject
Project("{2150E333-8FDC-42A3-9474-1A3956D46DE8}") = "Cargo", "Cargo", "{CE509AA1-0A93-4D0E-AD9F-45276890DD3E}"
EndProject
Project("{9A19103F-16F7-4668-BE54-9A1E7A4F7556}") = "MultiShop.Cargo.EntityLayer", "Services\Cargo\MultiShop.Cargo.EntityLayer\MultiShop.Cargo.EntityLayer.csproj", "{FE4B21E4-80F1-408D-A7BB-2270FBB7A847}"
EndProject
Project("{9A19103F-16F7-4668-BE54-9A1E7A4F7556}") = "MultiShop.Cargo.BusinessLayer", "Services\Cargo\MultiShop.Cargo.BusinessLayer\MultiShop.Cargo.BusinessLayer.csproj", "{EEAE6E0E-AB04-4623-9202-A9BD45896B34}"
EndProject
Project("{9A19103F-16F7-4668-BE54-9A1E7A4F7556}") = "MultiShop.Cargo.DataAccessLayer", "Services\Cargo\MultiShop.Cargo.DataAccessLayer\MultiShop.Cargo.DataAccessLayer.csproj", "{16CE2FF1-CF47-4886-A925-0A22538B3E67}"
EndProject
Project("{9A19103F-16F7-4668-BE54-9A1E7A4F7556}") = "MultiShop.Cargo.DtoLayer", "Services\Cargo\MultiShop.Cargo.DtoLayer\MultiShop.Cargo.DtoLayer.csproj", "{EE041229-D75E-45A1-85F3-2BEAC7CC286C}"
EndProject
Project("{9A19103F-16F7-4668-BE54-9A1E7A4F7556}") = "MultiShop.Cargo.WebApi", "Services\Cargo\MultiShop.Cargo.WebApi\MultiShop.Cargo.WebApi.csproj", "{F5292756-B575-49B6-AB7D-9179826DF523}"
EndProject
Project("{2150E333-8FDC-42A3-9474-1A3956D46DE8}") = "Basket", "Basket", "{CE8B5172-FCF7-498A-96B5-A855ADEC78BB}"
EndProject
Project("{9A19103F-16F7-4668-BE54-9A1E7A4F7556}") = "MultiShop.Basket", "Services\Basket\MultiShop.Basket\MultiShop.Basket.csproj", "{74CD2438-FD10-4DC0-9D9D-17D07882D809}"
EndProject
Project("{2150E333-8FDC-42A3-9474-1A3956D46DE8}") = "Frontends", "Frontends", "{6B1BCB78-BC3E-4B81-AEA9-DFD69B7D49E4}"
EndProject
Project("{9A19103F-16F7-4668-BE54-9A1E7A4F7556}") = "MultiShop.WebUI", "Frontends\MultiShop.WebUI\MultiShop.WebUI.csproj", "{DE5806D3-3998-4307-B0CE-8A30EC9029E2}"
EndProject
Project("{FAE04EC0-301F-11D3-BF4B-00C04F79EFBC}") = "MultiShop.DtoLayer", "Frontends\MultiShop.DtoLayer\MultiShop.DtoLayer.csproj", "{DDFA11D0-4ECE-479B-BCBC-2FD591CEF8DD}"
EndProject
Project("{2150E333-8FDC-42A3-9474-1A3956D46DE8}") = "Comment", "Comment", "{B21D5212-4951-4F94-8E46-C834D0B077BA}"
EndProject
Project("{FAE04EC0-301F-11D3-BF4B-00C04F79EFBC}") = "MultiShop.Comment", "Services\Comment\MultiShop.Comment\MultiShop.Comment.csproj", "{683CD69E-EE17-49AD-A614-8040938076E5}"
EndProject
Project("{2150E333-8FDC-42A3-9474-1A3956D46DE8}") = "ApiGateway", "ApiGateway", "{02EA681E-C7D8-13C7-8484-4AC65E1B71E8}"
EndProject
Project("{2150E333-8FDC-42A3-9474-1A3956D46DE8}") = "RapidApi", "RapidApi", "{1B3E97C5-D036-4E60-892B-421152B10CFF}"
EndProject
Project("{FAE04EC0-301F-11D3-BF4B-00C04F79EFBC}") = "MultiShop.OcelotGateway", "ApiGateway\MultiShop.OcelotGateway\MultiShop.OcelotGateway.csproj", "{D3B2A40D-72A3-45AE-8519-69752C097995}"
EndProject
Project("{2150E333-8FDC-42A3-9474-1A3956D46DE8}") = "Payment", "Payment", "{E339DCD0-B1F5-4E82-939F-BB708076F38C}"
EndProject
Project("{FAE04EC0-301F-11D3-BF4B-00C04F79EFBC}") = "MultiShop.Payment", "Services\Payment\MultiShop.Payment\MultiShop.Payment.csproj", "{4406558E-7557-4FB7-B72E-E489473351DE}"
EndProject
Project("{2150E333-8FDC-42A3-9474-1A3956D46DE8}") = "Images", "Images", "{686112EE-A2D2-4083-9E68-DAA03EF0033B}"
EndProject
Project("{FAE04EC0-301F-11D3-BF4B-00C04F79EFBC}") = "MultiShop.Images", "Services\Images\MultiShop.Images\MultiShop.Images.csproj", "{4D1974CD-B8C6-4ECA-9D80-A30B1EB135C5}"
EndProject
Global
	GlobalSection(SolutionConfigurationPlatforms) = preSolution
		Debug|Any CPU = Debug|Any CPU
		Release|Any CPU = Release|Any CPU
	EndGlobalSection
	GlobalSection(ProjectConfigurationPlatforms) = postSolution
		{C43E2758-926F-4DA0-B6EC-0E8883A4CC15}.Debug|Any CPU.ActiveCfg = Debug|Any CPU
		{C43E2758-926F-4DA0-B6EC-0E8883A4CC15}.Debug|Any CPU.Build.0 = Debug|Any CPU
		{C43E2758-926F-4DA0-B6EC-0E8883A4CC15}.Release|Any CPU.ActiveCfg = Release|Any CPU
		{C43E2758-926F-4DA0-B6EC-0E8883A4CC15}.Release|Any CPU.Build.0 = Release|Any CPU
		{BB744AD3-A520-45B7-A0AE-994694FAF1D2}.Debug|Any CPU.ActiveCfg = Debug|Any CPU
		{BB744AD3-A520-45B7-A0AE-994694FAF1D2}.Debug|Any CPU.Build.0 = Debug|Any CPU
		{BB744AD3-A520-45B7-A0AE-994694FAF1D2}.Release|Any CPU.ActiveCfg = Release|Any CPU
		{BB744AD3-A520-45B7-A0AE-994694FAF1D2}.Release|Any CPU.Build.0 = Release|Any CPU
		{CAC5F251-48BF-4F56-9686-4B18064C5864}.Debug|Any CPU.ActiveCfg = Debug|Any CPU
		{CAC5F251-48BF-4F56-9686-4B18064C5864}.Debug|Any CPU.Build.0 = Debug|Any CPU
		{CAC5F251-48BF-4F56-9686-4B18064C5864}.Release|Any CPU.ActiveCfg = Release|Any CPU
		{CAC5F251-48BF-4F56-9686-4B18064C5864}.Release|Any CPU.Build.0 = Release|Any CPU
		{CBE3D757-C8DC-4C85-81E6-3FDBD44CB6ED}.Debug|Any CPU.ActiveCfg = Debug|Any CPU
		{CBE3D757-C8DC-4C85-81E6-3FDBD44CB6ED}.Debug|Any CPU.Build.0 = Debug|Any CPU
		{CBE3D757-C8DC-4C85-81E6-3FDBD44CB6ED}.Release|Any CPU.ActiveCfg = Release|Any CPU
		{CBE3D757-C8DC-4C85-81E6-3FDBD44CB6ED}.Release|Any CPU.Build.0 = Release|Any CPU
		{62A0A534-B84B-4EF6-AC07-E469C8FFEE56}.Debug|Any CPU.ActiveCfg = Debug|Any CPU
		{62A0A534-B84B-4EF6-AC07-E469C8FFEE56}.Debug|Any CPU.Build.0 = Debug|Any CPU
		{62A0A534-B84B-4EF6-AC07-E469C8FFEE56}.Release|Any CPU.ActiveCfg = Release|Any CPU
		{62A0A534-B84B-4EF6-AC07-E469C8FFEE56}.Release|Any CPU.Build.0 = Release|Any CPU
		{4BCE3D9E-F9F4-4D4D-A88A-645B7D9DBAD5}.Debug|Any CPU.ActiveCfg = Debug|Any CPU
		{4BCE3D9E-F9F4-4D4D-A88A-645B7D9DBAD5}.Debug|Any CPU.Build.0 = Debug|Any CPU
		{4BCE3D9E-F9F4-4D4D-A88A-645B7D9DBAD5}.Release|Any CPU.ActiveCfg = Release|Any CPU
		{4BCE3D9E-F9F4-4D4D-A88A-645B7D9DBAD5}.Release|Any CPU.Build.0 = Release|Any CPU
		{128449B3-B3B8-438B-B274-4A571B1AA17D}.Debug|Any CPU.ActiveCfg = Debug|Any CPU
		{128449B3-B3B8-438B-B274-4A571B1AA17D}.Debug|Any CPU.Build.0 = Debug|Any CPU
		{128449B3-B3B8-438B-B274-4A571B1AA17D}.Release|Any CPU.ActiveCfg = Release|Any CPU
		{128449B3-B3B8-438B-B274-4A571B1AA17D}.Release|Any CPU.Build.0 = Release|Any CPU
		{FE4B21E4-80F1-408D-A7BB-2270FBB7A847}.Debug|Any CPU.ActiveCfg = Debug|Any CPU
		{FE4B21E4-80F1-408D-A7BB-2270FBB7A847}.Debug|Any CPU.Build.0 = Debug|Any CPU
		{FE4B21E4-80F1-408D-A7BB-2270FBB7A847}.Release|Any CPU.ActiveCfg = Release|Any CPU
		{FE4B21E4-80F1-408D-A7BB-2270FBB7A847}.Release|Any CPU.Build.0 = Release|Any CPU
		{EEAE6E0E-AB04-4623-9202-A9BD45896B34}.Debug|Any CPU.ActiveCfg = Debug|Any CPU
		{EEAE6E0E-AB04-4623-9202-A9BD45896B34}.Debug|Any CPU.Build.0 = Debug|Any CPU
		{EEAE6E0E-AB04-4623-9202-A9BD45896B34}.Release|Any CPU.ActiveCfg = Release|Any CPU
		{EEAE6E0E-AB04-4623-9202-A9BD45896B34}.Release|Any CPU.Build.0 = Release|Any CPU
		{16CE2FF1-CF47-4886-A925-0A22538B3E67}.Debug|Any CPU.ActiveCfg = Debug|Any CPU
		{16CE2FF1-CF47-4886-A925-0A22538B3E67}.Debug|Any CPU.Build.0 = Debug|Any CPU
		{16CE2FF1-CF47-4886-A925-0A22538B3E67}.Release|Any CPU.ActiveCfg = Release|Any CPU
		{16CE2FF1-CF47-4886-A925-0A22538B3E67}.Release|Any CPU.Build.0 = Release|Any CPU
		{EE041229-D75E-45A1-85F3-2BEAC7CC286C}.Debug|Any CPU.ActiveCfg = Debug|Any CPU
		{EE041229-D75E-45A1-85F3-2BEAC7CC286C}.Debug|Any CPU.Build.0 = Debug|Any CPU
		{EE041229-D75E-45A1-85F3-2BEAC7CC286C}.Release|Any CPU.ActiveCfg = Release|Any CPU
		{EE041229-D75E-45A1-85F3-2BEAC7CC286C}.Release|Any CPU.Build.0 = Release|Any CPU
		{F5292756-B575-49B6-AB7D-9179826DF523}.Debug|Any CPU.ActiveCfg = Debug|Any CPU
		{F5292756-B575-49B6-AB7D-9179826DF523}.Debug|Any CPU.Build.0 = Debug|Any CPU
		{F5292756-B575-49B6-AB7D-9179826DF523}.Release|Any CPU.ActiveCfg = Release|Any CPU
		{F5292756-B575-49B6-AB7D-9179826DF523}.Release|Any CPU.Build.0 = Release|Any CPU
		{74CD2438-FD10-4DC0-9D9D-17D07882D809}.Debug|Any CPU.ActiveCfg = Debug|Any CPU
		{74CD2438-FD10-4DC0-9D9D-17D07882D809}.Debug|Any CPU.Build.0 = Debug|Any CPU
		{74CD2438-FD10-4DC0-9D9D-17D07882D809}.Release|Any CPU.ActiveCfg = Release|Any CPU
		{74CD2438-FD10-4DC0-9D9D-17D07882D809}.Release|Any CPU.Build.0 = Release|Any CPU
		{DE5806D3-3998-4307-B0CE-8A30EC9029E2}.Debug|Any CPU.ActiveCfg = Debug|Any CPU
		{DE5806D3-3998-4307-B0CE-8A30EC9029E2}.Debug|Any CPU.Build.0 = Debug|Any CPU
		{DE5806D3-3998-4307-B0CE-8A30EC9029E2}.Release|Any CPU.ActiveCfg = Release|Any CPU
		{DE5806D3-3998-4307-B0CE-8A30EC9029E2}.Release|Any CPU.Build.0 = Release|Any CPU
		{DDFA11D0-4ECE-479B-BCBC-2FD591CEF8DD}.Debug|Any CPU.ActiveCfg = Debug|Any CPU
		{DDFA11D0-4ECE-479B-BCBC-2FD591CEF8DD}.Debug|Any CPU.Build.0 = Debug|Any CPU
		{DDFA11D0-4ECE-479B-BCBC-2FD591CEF8DD}.Release|Any CPU.ActiveCfg = Release|Any CPU
		{DDFA11D0-4ECE-479B-BCBC-2FD591CEF8DD}.Release|Any CPU.Build.0 = Release|Any CPU
		{683CD69E-EE17-49AD-A614-8040938076E5}.Debug|Any CPU.ActiveCfg = Debug|Any CPU
		{683CD69E-EE17-49AD-A614-8040938076E5}.Debug|Any CPU.Build.0 = Debug|Any CPU
		{683CD69E-EE17-49AD-A614-8040938076E5}.Release|Any CPU.ActiveCfg = Release|Any CPU
		{683CD69E-EE17-49AD-A614-8040938076E5}.Release|Any CPU.Build.0 = Release|Any CPU
		{D3B2A40D-72A3-45AE-8519-69752C097995}.Debug|Any CPU.ActiveCfg = Debug|Any CPU
		{D3B2A40D-72A3-45AE-8519-69752C097995}.Debug|Any CPU.Build.0 = Debug|Any CPU
		{D3B2A40D-72A3-45AE-8519-69752C097995}.Release|Any CPU.ActiveCfg = Release|Any CPU
		{D3B2A40D-72A3-45AE-8519-69752C097995}.Release|Any CPU.Build.0 = Release|Any CPU
		{4406558E-7557-4FB7-B72E-E489473351DE}.Debug|Any CPU.ActiveCfg = Debug|Any CPU
		{4406558E-7557-4FB7-B72E-E489473351DE}.Debug|Any CPU.Build.0 = Debug|Any CPU
		{4406558E-7557-4FB7-B72E-E489473351DE}.Release|Any CPU.ActiveCfg = Release|Any CPU
		{4406558E-7557-4FB7-B72E-E489473351DE}.Release|Any CPU.Build.0 = Release|Any CPU
		{4D1974CD-B8C6-4ECA-9D80-A30B1EB135C5}.Debug|Any CPU.ActiveCfg = Debug|Any CPU
		{4D1974CD-B8C6-4ECA-9D80-A30B1EB135C5}.Debug|Any CPU.Build.0 = Debug|Any CPU
		{4D1974CD-B8C6-4ECA-9D80-A30B1EB135C5}.Release|Any CPU.ActiveCfg = Release|Any CPU
		{4D1974CD-B8C6-4ECA-9D80-A30B1EB135C5}.Release|Any CPU.Build.0 = Release|Any CPU
	EndGlobalSection
	GlobalSection(SolutionProperties) = preSolution
		HideSolutionNode = FALSE
	EndGlobalSection
	GlobalSection(NestedProjects) = preSolution
		{1318C803-55C3-4E52-8D12-D0C48D0C53C4} = {FC5A5FF8-C592-4BC7-A984-19A7E6253FA7}
		{C43E2758-926F-4DA0-B6EC-0E8883A4CC15} = {1318C803-55C3-4E52-8D12-D0C48D0C53C4}
		{5A2D11A2-D4B1-4373-97EB-DA55400990D7} = {FC5A5FF8-C592-4BC7-A984-19A7E6253FA7}
		{BB744AD3-A520-45B7-A0AE-994694FAF1D2} = {5A2D11A2-D4B1-4373-97EB-DA55400990D7}
		{02E57EF3-62F4-4902-B795-0BCEBA30D646} = {FC5A5FF8-C592-4BC7-A984-19A7E6253FA7}
		{8A9703AE-DBA1-4071-A4E9-A83E47F1EE18} = {02E57EF3-62F4-4902-B795-0BCEBA30D646}
		{FF8C9B23-4491-4D5B-A40B-21854888B7BF} = {02E57EF3-62F4-4902-B795-0BCEBA30D646}
		{6E004E34-3E0B-49B0-8871-7999E678AFBA} = {02E57EF3-62F4-4902-B795-0BCEBA30D646}
		{CAC5F251-48BF-4F56-9686-4B18064C5864} = {8A9703AE-DBA1-4071-A4E9-A83E47F1EE18}
		{CBE3D757-C8DC-4C85-81E6-3FDBD44CB6ED} = {8A9703AE-DBA1-4071-A4E9-A83E47F1EE18}
		{62A0A534-B84B-4EF6-AC07-E469C8FFEE56} = {FF8C9B23-4491-4D5B-A40B-21854888B7BF}
		{4BCE3D9E-F9F4-4D4D-A88A-645B7D9DBAD5} = {6E004E34-3E0B-49B0-8871-7999E678AFBA}
		{128449B3-B3B8-438B-B274-4A571B1AA17D} = {CDA2CAEF-2EEE-467A-B464-C26DA1E232DB}
		{CE509AA1-0A93-4D0E-AD9F-45276890DD3E} = {FC5A5FF8-C592-4BC7-A984-19A7E6253FA7}
		{FE4B21E4-80F1-408D-A7BB-2270FBB7A847} = {CE509AA1-0A93-4D0E-AD9F-45276890DD3E}
		{EEAE6E0E-AB04-4623-9202-A9BD45896B34} = {CE509AA1-0A93-4D0E-AD9F-45276890DD3E}
		{16CE2FF1-CF47-4886-A925-0A22538B3E67} = {CE509AA1-0A93-4D0E-AD9F-45276890DD3E}
		{EE041229-D75E-45A1-85F3-2BEAC7CC286C} = {CE509AA1-0A93-4D0E-AD9F-45276890DD3E}
		{F5292756-B575-49B6-AB7D-9179826DF523} = {CE509AA1-0A93-4D0E-AD9F-45276890DD3E}
		{CE8B5172-FCF7-498A-96B5-A855ADEC78BB} = {FC5A5FF8-C592-4BC7-A984-19A7E6253FA7}
		{74CD2438-FD10-4DC0-9D9D-17D07882D809} = {CE8B5172-FCF7-498A-96B5-A855ADEC78BB}
		{DE5806D3-3998-4307-B0CE-8A30EC9029E2} = {6B1BCB78-BC3E-4B81-AEA9-DFD69B7D49E4}
		{DDFA11D0-4ECE-479B-BCBC-2FD591CEF8DD} = {6B1BCB78-BC3E-4B81-AEA9-DFD69B7D49E4}
		{B21D5212-4951-4F94-8E46-C834D0B077BA} = {FC5A5FF8-C592-4BC7-A984-19A7E6253FA7}
		{683CD69E-EE17-49AD-A614-8040938076E5} = {B21D5212-4951-4F94-8E46-C834D0B077BA}
		{D3B2A40D-72A3-45AE-8519-69752C097995} = {02EA681E-C7D8-13C7-8484-4AC65E1B71E8}
		{E339DCD0-B1F5-4E82-939F-BB708076F38C} = {FC5A5FF8-C592-4BC7-A984-19A7E6253FA7}
		{4406558E-7557-4FB7-B72E-E489473351DE} = {E339DCD0-B1F5-4E82-939F-BB708076F38C}
		{686112EE-A2D2-4083-9E68-DAA03EF0033B} = {FC5A5FF8-C592-4BC7-A984-19A7E6253FA7}
		{4D1974CD-B8C6-4ECA-9D80-A30B1EB135C5} = {686112EE-A2D2-4083-9E68-DAA03EF0033B}
	EndGlobalSection
	GlobalSection(ExtensibilityGlobals) = postSolution
		SolutionGuid = {CF99BBB0-4994-45B2-A0A3-04B5B706B11F}
	EndGlobalSection
EndGlobal
