
Microsoft Visual Studio Solution File, Format Version 12.00
# Visual Studio Version 17
VisualStudioVersion = 17.9.34723.18
MinimumVisualStudioVersion = 10.0.40219.1
Project("{2150E333-8FDC-42A3-9474-1A3956D46DE8}") = "Services", "Services", "{055AD87E-2AB0-4E08-B8C9-53E99C595C83}"
EndProject
Project("{2150E333-8FDC-42A3-9474-1A3956D46DE8}") = "Catalog", "Catalog", "{C6129432-E480-4C45-97D6-2DF7C0E2E54A}"
EndProject
Project("{9A19103F-16F7-4668-BE54-9A1E7A4F7556}") = "MultiShop.Catalog", "Services\Catalog\MultiShop.Catalog\MultiShop.Catalog.csproj", "{134CE68D-A5FB-4A3B-AB57-37C24E8121E5}"
EndProject
Project("{2150E333-8FDC-42A3-9474-1A3956D46DE8}") = "Discount", "Discount", "{324F250E-11D1-4BEF-AE24-1EA5D2A9B2AD}"
EndProject
Project("{9A19103F-16F7-4668-BE54-9A1E7A4F7556}") = "MultiShop.Discount", "Services\Discount\MultiShop.Discount\MultiShop.Discount.csproj", "{8388D66F-EC3B-48F9-9678-4E6C711DC0AA}"
EndProject
Project("{2150E333-8FDC-42A3-9474-1A3956D46DE8}") = "Order", "Order", "{086B56AE-39C5-4C90-9072-479DD63B23D4}"
EndProject
Project("{2150E333-8FDC-42A3-9474-1A3956D46DE8}") = "Core", "Core", "{4C6284B8-E307-4B69-9D48-18FDCB461E64}"
EndProject
Project("{2150E333-8FDC-42A3-9474-1A3956D46DE8}") = "Infrastructure", "Infrastructure", "{1AA820ED-84B3-4296-A62B-9F2190F396F2}"
EndProject
Project("{2150E333-8FDC-42A3-9474-1A3956D46DE8}") = "Presentation", "Presentation", "{513E3E25-48EF-41E2-9593-41383090C258}"
EndProject
Project("{FAE04EC0-301F-11D3-BF4B-00C04F79EFBC}") = "MultiShop.Order.Domain", "Services\Order\Core\MultiShop.Order.Domain\MultiShop.Order.Domain.csproj", "{BB10055D-F02C-4BD8-BD71-2FF014B055DF}"
EndProject
Project("{FAE04EC0-301F-11D3-BF4B-00C04F79EFBC}") = "MultiShop.Order.Application", "Services\Order\Core\MultiShop.Order.Application\MultiShop.Order.Application.csproj", "{D10D7CAC-0D03-43F7-A4B6-05CA1423748A}"
EndProject
Project("{FAE04EC0-301F-11D3-BF4B-00C04F79EFBC}") = "MultiShop.Order.Persistence", "Services\Order\Infrastructure\MultiShop.Order.Persistence\MultiShop.Order.Persistence.csproj", "{ADD5E62C-DA33-4F99-808B-2D9F70B96727}"
EndProject
Project("{FAE04EC0-301F-11D3-BF4B-00C04F79EFBC}") = "MultiShop.Order.WebApi", "Services\Order\Presentation\MultiShop.Order.WebApi\MultiShop.Order.WebApi.csproj", "{A824FD79-AA32-49F5-ABDB-A5CFD8C3A357}"
EndProject
Global
	GlobalSection(SolutionConfigurationPlatforms) = preSolution
		Debug|Any CPU = Debug|Any CPU
		Release|Any CPU = Release|Any CPU
	EndGlobalSection
	GlobalSection(ProjectConfigurationPlatforms) = postSolution
		{134CE68D-A5FB-4A3B-AB57-37C24E8121E5}.Debug|Any CPU.ActiveCfg = Debug|Any CPU
		{134CE68D-A5FB-4A3B-AB57-37C24E8121E5}.Debug|Any CPU.Build.0 = Debug|Any CPU
		{134CE68D-A5FB-4A3B-AB57-37C24E8121E5}.Release|Any CPU.ActiveCfg = Release|Any CPU
		{134CE68D-A5FB-4A3B-AB57-37C24E8121E5}.Release|Any CPU.Build.0 = Release|Any CPU
		{8388D66F-EC3B-48F9-9678-4E6C711DC0AA}.Debug|Any CPU.ActiveCfg = Debug|Any CPU
		{8388D66F-EC3B-48F9-9678-4E6C711DC0AA}.Debug|Any CPU.Build.0 = Debug|Any CPU
		{8388D66F-EC3B-48F9-9678-4E6C711DC0AA}.Release|Any CPU.ActiveCfg = Release|Any CPU
		{8388D66F-EC3B-48F9-9678-4E6C711DC0AA}.Release|Any CPU.Build.0 = Release|Any CPU
		{BB10055D-F02C-4BD8-BD71-2FF014B055DF}.Debug|Any CPU.ActiveCfg = Debug|Any CPU
		{BB10055D-F02C-4BD8-BD71-2FF014B055DF}.Debug|Any CPU.Build.0 = Debug|Any CPU
		{BB10055D-F02C-4BD8-BD71-2FF014B055DF}.Release|Any CPU.ActiveCfg = Release|Any CPU
		{BB10055D-F02C-4BD8-BD71-2FF014B055DF}.Release|Any CPU.Build.0 = Release|Any CPU
		{D10D7CAC-0D03-43F7-A4B6-05CA1423748A}.Debug|Any CPU.ActiveCfg = Debug|Any CPU
		{D10D7CAC-0D03-43F7-A4B6-05CA1423748A}.Debug|Any CPU.Build.0 = Debug|Any CPU
		{D10D7CAC-0D03-43F7-A4B6-05CA1423748A}.Release|Any CPU.ActiveCfg = Release|Any CPU
		{D10D7CAC-0D03-43F7-A4B6-05CA1423748A}.Release|Any CPU.Build.0 = Release|Any CPU
		{ADD5E62C-DA33-4F99-808B-2D9F70B96727}.Debug|Any CPU.ActiveCfg = Debug|Any CPU
		{ADD5E62C-DA33-4F99-808B-2D9F70B96727}.Debug|Any CPU.Build.0 = Debug|Any CPU
		{ADD5E62C-DA33-4F99-808B-2D9F70B96727}.Release|Any CPU.ActiveCfg = Release|Any CPU
		{ADD5E62C-DA33-4F99-808B-2D9F70B96727}.Release|Any CPU.Build.0 = Release|Any CPU
		{A824FD79-AA32-49F5-ABDB-A5CFD8C3A357}.Debug|Any CPU.ActiveCfg = Debug|Any CPU
		{A824FD79-AA32-49F5-ABDB-A5CFD8C3A357}.Debug|Any CPU.Build.0 = Debug|Any CPU
		{A824FD79-AA32-49F5-ABDB-A5CFD8C3A357}.Release|Any CPU.ActiveCfg = Release|Any CPU
		{A824FD79-AA32-49F5-ABDB-A5CFD8C3A357}.Release|Any CPU.Build.0 = Release|Any CPU
	EndGlobalSection
	GlobalSection(SolutionProperties) = preSolution
		HideSolutionNode = FALSE
	EndGlobalSection
	GlobalSection(NestedProjects) = preSolution
		{C6129432-E480-4C45-97D6-2DF7C0E2E54A} = {055AD87E-2AB0-4E08-B8C9-53E99C595C83}
		{134CE68D-A5FB-4A3B-AB57-37C24E8121E5} = {C6129432-E480-4C45-97D6-2DF7C0E2E54A}
		{324F250E-11D1-4BEF-AE24-1EA5D2A9B2AD} = {055AD87E-2AB0-4E08-B8C9-53E99C595C83}
		{8388D66F-EC3B-48F9-9678-4E6C711DC0AA} = {324F250E-11D1-4BEF-AE24-1EA5D2A9B2AD}
		{086B56AE-39C5-4C90-9072-479DD63B23D4} = {055AD87E-2AB0-4E08-B8C9-53E99C595C83}
		{4C6284B8-E307-4B69-9D48-18FDCB461E64} = {086B56AE-39C5-4C90-9072-479DD63B23D4}
		{1AA820ED-84B3-4296-A62B-9F2190F396F2} = {086B56AE-39C5-4C90-9072-479DD63B23D4}
		{513E3E25-48EF-41E2-9593-41383090C258} = {086B56AE-39C5-4C90-9072-479DD63B23D4}
		{BB10055D-F02C-4BD8-BD71-2FF014B055DF} = {4C6284B8-E307-4B69-9D48-18FDCB461E64}
		{D10D7CAC-0D03-43F7-A4B6-05CA1423748A} = {4C6284B8-E307-4B69-9D48-18FDCB461E64}
		{ADD5E62C-DA33-4F99-808B-2D9F70B96727} = {1AA820ED-84B3-4296-A62B-9F2190F396F2}
		{A824FD79-AA32-49F5-ABDB-A5CFD8C3A357} = {513E3E25-48EF-41E2-9593-41383090C258}
	EndGlobalSection
	GlobalSection(ExtensibilityGlobals) = postSolution
		SolutionGuid = {87F06AAA-B7C0-45A8-9FF0-B8EA5FF99295}
	EndGlobalSection
EndGlobal
